// !$*UTF8*$!
{
	archiveVersion = 1;
	classes = {
	};
	objectVersion = 56;
	objects = {

/* Begin PBXBuildFile section */
		0AFC6D5E29C4A2070044B4B0 /* slots_challengeApp.swift in Sources */ = {isa = PBXBuildFile; fileRef = 0AFC6D5D29C4A2070044B4B0 /* slots_challengeApp.swift */; };
		0AFC6D6029C4A2070044B4B0 /* ContentView.swift in Sources */ = {isa = PBXBuildFile; fileRef = 0AFC6D5F29C4A2070044B4B0 /* ContentView.swift */; };
		0AFC6D6229C4A2090044B4B0 /* Assets.xcassets in Resources */ = {isa = PBXBuildFile; fileRef = 0AFC6D6129C4A2090044B4B0 /* Assets.xcassets */; };
		0AFC6D6629C4A2090044B4B0 /* Preview Assets.xcassets in Resources */ = {isa = PBXBuildFile; fileRef = 0AFC6D6529C4A2090044B4B0 /* Preview Assets.xcassets */; };
		0AFC6D7029C4A2090044B4B0 /* slots_challengeTests.swift in Sources */ = {isa = PBXBuildFile; fileRef = 0AFC6D6F29C4A2090044B4B0 /* slots_challengeTests.swift */; };
		0AFC6D7A29C4A2090044B4B0 /* slots_challengeUITests.swift in Sources */ = {isa = PBXBuildFile; fileRef = 0AFC6D7929C4A2090044B4B0 /* slots_challengeUITests.swift */; };
		0AFC6D7C29C4A2090044B4B0 /* slots_challengeUITestsLaunchTests.swift in Sources */ = {isa = PBXBuildFile; fileRef = 0AFC6D7B29C4A2090044B4B0 /* slots_challengeUITestsLaunchTests.swift */; };
/* End PBXBuildFile section */

/* Begin PBXContainerItemProxy section */
		0AFC6D6C29C4A2090044B4B0 /* PBXContainerItemProxy */ = {
			isa = PBXContainerItemProxy;
			containerPortal = 0AFC6D5229C4A2070044B4B0 /* Project object */;
			proxyType = 1;
			remoteGlobalIDString = 0AFC6D5929C4A2070044B4B0;
			remoteInfo = "slots challenge";
		};
		0AFC6D7629C4A2090044B4B0 /* PBXContainerItemProxy */ = {
			isa = PBXContainerItemProxy;
			containerPortal = 0AFC6D5229C4A2070044B4B0 /* Project object */;
			proxyType = 1;
			remoteGlobalIDString = 0AFC6D5929C4A2070044B4B0;
			remoteInfo = "slots challenge";
		};
/* End PBXContainerItemProxy section */

/* Begin PBXFileReference section */
		0AFC6D5A29C4A2070044B4B0 /* slots challenge.app */ = {isa = PBXFileReference; explicitFileType = wrapper.application; includeInIndex = 0; path = "slots challenge.app"; sourceTree = BUILT_PRODUCTS_DIR; };
		0AFC6D5D29C4A2070044B4B0 /* slots_challengeApp.swift */ = {isa = PBXFileReference; lastKnownFileType = sourcecode.swift; path = slots_challengeApp.swift; sourceTree = "<group>"; };
		0AFC6D5F29C4A2070044B4B0 /* ContentView.swift */ = {isa = PBXFileReference; lastKnownFileType = sourcecode.swift; path = ContentView.swift; sourceTree = "<group>"; };
		0AFC6D6129C4A2090044B4B0 /* Assets.xcassets */ = {isa = PBXFileReference; lastKnownFileType = folder.assetcatalog; path = Assets.xcassets; sourceTree = "<group>"; };
		0AFC6D6329C4A2090044B4B0 /* slots_challenge.entitlements */ = {isa = PBXFileReference; lastKnownFileType = text.plist.entitlements; path = slots_challenge.entitlements; sourceTree = "<group>"; };
		0AFC6D6529C4A2090044B4B0 /* Preview Assets.xcassets */ = {isa = PBXFileReference; lastKnownFileType = folder.assetcatalog; path = "Preview Assets.xcassets"; sourceTree = "<group>"; };
		0AFC6D6B29C4A2090044B4B0 /* slots challengeTests.xctest */ = {isa = PBXFileReference; explicitFileType = wrapper.cfbundle; includeInIndex = 0; path = "slots challengeTests.xctest"; sourceTree = BUILT_PRODUCTS_DIR; };
		0AFC6D6F29C4A2090044B4B0 /* slots_challengeTests.swift */ = {isa = PBXFileReference; lastKnownFileType = sourcecode.swift; path = slots_challengeTests.swift; sourceTree = "<group>"; };
		0AFC6D7529C4A2090044B4B0 /* slots challengeUITests.xctest */ = {isa = PBXFileReference; explicitFileType = wrapper.cfbundle; includeInIndex = 0; path = "slots challengeUITests.xctest"; sourceTree = BUILT_PRODUCTS_DIR; };
		0AFC6D7929C4A2090044B4B0 /* slots_challengeUITests.swift */ = {isa = PBXFileReference; lastKnownFileType = sourcecode.swift; path = slots_challengeUITests.swift; sourceTree = "<group>"; };
		0AFC6D7B29C4A2090044B4B0 /* slots_challengeUITestsLaunchTests.swift */ = {isa = PBXFileReference; lastKnownFileType = sourcecode.swift; path = slots_challengeUITestsLaunchTests.swift; sourceTree = "<group>"; };
/* End PBXFileReference section */

/* Begin PBXFrameworksBuildPhase section */
		0AFC6D5729C4A2070044B4B0 /* Frameworks */ = {
			isa = PBXFrameworksBuildPhase;
			buildActionMask = 2147483647;
			files = (
			);
			runOnlyForDeploymentPostprocessing = 0;
		};
		0AFC6D6829C4A2090044B4B0 /* Frameworks */ = {
			isa = PBXFrameworksBuildPhase;
			buildActionMask = 2147483647;
			files = (
			);
			runOnlyForDeploymentPostprocessing = 0;
		};
		0AFC6D7229C4A2090044B4B0 /* Frameworks */ = {
			isa = PBXFrameworksBuildPhase;
			buildActionMask = 2147483647;
			files = (
			);
			runOnlyForDeploymentPostprocessing = 0;
		};
/* End PBXFrameworksBuildPhase section */

/* Begin PBXGroup section */
		0AFC6D5129C4A2070044B4B0 = {
			isa = PBXGroup;
			children = (
				0AFC6D5C29C4A2070044B4B0 /* slots challenge */,
				0AFC6D6E29C4A2090044B4B0 /* slots challengeTests */,
				0AFC6D7829C4A2090044B4B0 /* slots challengeUITests */,
				0AFC6D5B29C4A2070044B4B0 /* Products */,
			);
			sourceTree = "<group>";
		};
		0AFC6D5B29C4A2070044B4B0 /* Products */ = {
			isa = PBXGroup;
			children = (
				0AFC6D5A29C4A2070044B4B0 /* slots challenge.app */,
				0AFC6D6B29C4A2090044B4B0 /* slots challengeTests.xctest */,
				0AFC6D7529C4A2090044B4B0 /* slots challengeUITests.xctest */,
			);
			name = Products;
			sourceTree = "<group>";
		};
		0AFC6D5C29C4A2070044B4B0 /* slots challenge */ = {
			isa = PBXGroup;
			children = (
				0AFC6D5D29C4A2070044B4B0 /* slots_challengeApp.swift */,
				0AFC6D5F29C4A2070044B4B0 /* ContentView.swift */,
				0AFC6D6129C4A2090044B4B0 /* Assets.xcassets */,
				0AFC6D6329C4A2090044B4B0 /* slots_challenge.entitlements */,
				0AFC6D6429C4A2090044B4B0 /* Preview Content */,
			);
			path = "slots challenge";
			sourceTree = "<group>";
		};
		0AFC6D6429C4A2090044B4B0 /* Preview Content */ = {
			isa = PBXGroup;
			children = (
				0AFC6D6529C4A2090044B4B0 /* Preview Assets.xcassets */,
			);
			path = "Preview Content";
			sourceTree = "<group>";
		};
		0AFC6D6E29C4A2090044B4B0 /* slots challengeTests */ = {
			isa = PBXGroup;
			children = (
				0AFC6D6F29C4A2090044B4B0 /* slots_challengeTests.swift */,
			);
			path = "slots challengeTests";
			sourceTree = "<group>";
		};
		0AFC6D7829C4A2090044B4B0 /* slots challengeUITests */ = {
			isa = PBXGroup;
			children = (
				0AFC6D7929C4A2090044B4B0 /* slots_challengeUITests.swift */,
				0AFC6D7B29C4A2090044B4B0 /* slots_challengeUITestsLaunchTests.swift */,
			);
			path = "slots challengeUITests";
			sourceTree = "<group>";
		};
/* End PBXGroup section */

/* Begin PBXNativeTarget section */
		0AFC6D5929C4A2070044B4B0 /* slots challenge */ = {
			isa = PBXNativeTarget;
			buildConfigurationList = 0AFC6D7F29C4A2090044B4B0 /* Build configuration list for PBXNativeTarget "slots challenge" */;
			buildPhases = (
				0AFC6D5629C4A2070044B4B0 /* Sources */,
				0AFC6D5729C4A2070044B4B0 /* Frameworks */,
				0AFC6D5829C4A2070044B4B0 /* Resources */,
			);
			buildRules = (
			);
			dependencies = (
			);
			name = "slots challenge";
			productName = "slots challenge";
			productReference = 0AFC6D5A29C4A2070044B4B0 /* slots challenge.app */;
			productType = "com.apple.product-type.application";
		};
		0AFC6D6A29C4A2090044B4B0 /* slots challengeTests */ = {
			isa = PBXNativeTarget;
			buildConfigurationList = 0AFC6D8229C4A2090044B4B0 /* Build configuration list for PBXNativeTarget "slots challengeTests" */;
			buildPhases = (
				0AFC6D6729C4A2090044B4B0 /* Sources */,
				0AFC6D6829C4A2090044B4B0 /* Frameworks */,
				0AFC6D6929C4A2090044B4B0 /* Resources */,
			);
			buildRules = (
			);
			dependencies = (
				0AFC6D6D29C4A2090044B4B0 /* PBXTargetDependency */,
			);
			name = "slots challengeTests";
			productName = "slots challengeTests";
			productReference = 0AFC6D6B29C4A2090044B4B0 /* slots challengeTests.xctest */;
			productType = "com.apple.product-type.bundle.unit-test";
		};
		0AFC6D7429C4A2090044B4B0 /* slots challengeUITests */ = {
			isa = PBXNativeTarget;
			buildConfigurationList = 0AFC6D8529C4A2090044B4B0 /* Build configuration list for PBXNativeTarget "slots challengeUITests" */;
			buildPhases = (
				0AFC6D7129C4A2090044B4B0 /* Sources */,
				0AFC6D7229C4A2090044B4B0 /* Frameworks */,
				0AFC6D7329C4A2090044B4B0 /* Resources */,
			);
			buildRules = (
			);
			dependencies = (
				0AFC6D7729C4A2090044B4B0 /* PBXTargetDependency */,
			);
			name = "slots challengeUITests";
			productName = "slots challengeUITests";
			productReference = 0AFC6D7529C4A2090044B4B0 /* slots challengeUITests.xctest */;
			productType = "com.apple.product-type.bundle.ui-testing";
		};
/* End PBXNativeTarget section */

/* Begin PBXProject section */
		0AFC6D5229C4A2070044B4B0 /* Project object */ = {
			isa = PBXProject;
			attributes = {
				BuildIndependentTargetsInParallel = 1;
				LastSwiftUpdateCheck = 1420;
				LastUpgradeCheck = 1420;
				TargetAttributes = {
					0AFC6D5929C4A2070044B4B0 = {
						CreatedOnToolsVersion = 14.2;
					};
					0AFC6D6A29C4A2090044B4B0 = {
						CreatedOnToolsVersion = 14.2;
						TestTargetID = 0AFC6D5929C4A2070044B4B0;
					};
					0AFC6D7429C4A2090044B4B0 = {
						CreatedOnToolsVersion = 14.2;
						TestTargetID = 0AFC6D5929C4A2070044B4B0;
					};
				};
			};
			buildConfigurationList = 0AFC6D5529C4A2070044B4B0 /* Build configuration list for PBXProject "slots challenge" */;
			compatibilityVersion = "Xcode 14.0";
			developmentRegion = en;
			hasScannedForEncodings = 0;
			knownRegions = (
				en,
				Base,
			);
			mainGroup = 0AFC6D5129C4A2070044B4B0;
			productRefGroup = 0AFC6D5B29C4A2070044B4B0 /* Products */;
			projectDirPath = "";
			projectRoot = "";
			targets = (
				0AFC6D5929C4A2070044B4B0 /* slots challenge */,
				0AFC6D6A29C4A2090044B4B0 /* slots challengeTests */,
				0AFC6D7429C4A2090044B4B0 /* slots challengeUITests */,
			);
		};
/* End PBXProject section */

/* Begin PBXResourcesBuildPhase section */
		0AFC6D5829C4A2070044B4B0 /* Resources */ = {
			isa = PBXResourcesBuildPhase;
			buildActionMask = 2147483647;
			files = (
				0AFC6D6629C4A2090044B4B0 /* Preview Assets.xcassets in Resources */,
				0AFC6D6229C4A2090044B4B0 /* Assets.xcassets in Resources */,
			);
			runOnlyForDeploymentPostprocessing = 0;
		};
		0AFC6D6929C4A2090044B4B0 /* Resources */ = {
			isa = PBXResourcesBuildPhase;
			buildActionMask = 2147483647;
			files = (
			);
			runOnlyForDeploymentPostprocessing = 0;
		};
		0AFC6D7329C4A2090044B4B0 /* Resources */ = {
			isa = PBXResourcesBuildPhase;
			buildActionMask = 2147483647;
			files = (
			);
			runOnlyForDeploymentPostprocessing = 0;
		};
/* End PBXResourcesBuildPhase section */

/* Begin PBXSourcesBuildPhase section */
		0AFC6D5629C4A2070044B4B0 /* Sources */ = {
			isa = PBXSourcesBuildPhase;
			buildActionMask = 2147483647;
			files = (
				0AFC6D6029C4A2070044B4B0 /* ContentView.swift in Sources */,
				0AFC6D5E29C4A2070044B4B0 /* slots_challengeApp.swift in Sources */,
			);
			runOnlyForDeploymentPostprocessing = 0;
		};
		0AFC6D6729C4A2090044B4B0 /* Sources */ = {
			isa = PBXSourcesBuildPhase;
			buildActionMask = 2147483647;
			files = (
				0AFC6D7029C4A2090044B4B0 /* slots_challengeTests.swift in Sources */,
			);
			runOnlyForDeploymentPostprocessing = 0;
		};
		0AFC6D7129C4A2090044B4B0 /* Sources */ = {
			isa = PBXSourcesBuildPhase;
			buildActionMask = 2147483647;
			files = (
				0AFC6D7C29C4A2090044B4B0 /* slots_challengeUITestsLaunchTests.swift in Sources */,
				0AFC6D7A29C4A2090044B4B0 /* slots_challengeUITests.swift in Sources */,
			);
			runOnlyForDeploymentPostprocessing = 0;
		};
/* End PBXSourcesBuildPhase section */

/* Begin PBXTargetDependency section */
		0AFC6D6D29C4A2090044B4B0 /* PBXTargetDependency */ = {
			isa = PBXTargetDependency;
			target = 0AFC6D5929C4A2070044B4B0 /* slots challenge */;
			targetProxy = 0AFC6D6C29C4A2090044B4B0 /* PBXContainerItemProxy */;
		};
		0AFC6D7729C4A2090044B4B0 /* PBXTargetDependency */ = {
			isa = PBXTargetDependency;
			target = 0AFC6D5929C4A2070044B4B0 /* slots challenge */;
			targetProxy = 0AFC6D7629C4A2090044B4B0 /* PBXContainerItemProxy */;
		};
/* End PBXTargetDependency section */

/* Begin XCBuildConfiguration section */
		0AFC6D7D29C4A2090044B4B0 /* Debug */ = {
			isa = XCBuildConfiguration;
			buildSettings = {
				ALWAYS_SEARCH_USER_PATHS = NO;
				CLANG_ANALYZER_NONNULL = YES;
				CLANG_ANALYZER_NUMBER_OBJECT_CONVERSION = YES_AGGRESSIVE;
				CLANG_CXX_LANGUAGE_STANDARD = "gnu++20";
				CLANG_ENABLE_MODULES = YES;
				CLANG_ENABLE_OBJC_ARC = YES;
				CLANG_ENABLE_OBJC_WEAK = YES;
				CLANG_WARN_BLOCK_CAPTURE_AUTORELEASING = YES;
				CLANG_WARN_BOOL_CONVERSION = YES;
				CLANG_WARN_COMMA = YES;
				CLANG_WARN_CONSTANT_CONVERSION = YES;
				CLANG_WARN_DEPRECATED_OBJC_IMPLEMENTATIONS = YES;
				CLANG_WARN_DIRECT_OBJC_ISA_USAGE = YES_ERROR;
				CLANG_WARN_DOCUMENTATION_COMMENTS = YES;
				CLANG_WARN_EMPTY_BODY = YES;
				CLANG_WARN_ENUM_CONVERSION = YES;
				CLANG_WARN_INFINITE_RECURSION = YES;
				CLANG_WARN_INT_CONVERSION = YES;
				CLANG_WARN_NON_LITERAL_NULL_CONVERSION = YES;
				CLANG_WARN_OBJC_IMPLICIT_RETAIN_SELF = YES;
				CLANG_WARN_OBJC_LITERAL_CONVERSION = YES;
				CLANG_WARN_OBJC_ROOT_CLASS = YES_ERROR;
				CLANG_WARN_QUOTED_INCLUDE_IN_FRAMEWORK_HEADER = YES;
				CLANG_WARN_RANGE_LOOP_ANALYSIS = YES;
				CLANG_WARN_STRICT_PROTOTYPES = YES;
				CLANG_WARN_SUSPICIOUS_MOVE = YES;
				CLANG_WARN_UNGUARDED_AVAILABILITY = YES_AGGRESSIVE;
				CLANG_WARN_UNREACHABLE_CODE = YES;
				CLANG_WARN__DUPLICATE_METHOD_MATCH = YES;
				COPY_PHASE_STRIP = NO;
				DEBUG_INFORMATION_FORMAT = dwarf;
				ENABLE_STRICT_OBJC_MSGSEND = YES;
				ENABLE_TESTABILITY = YES;
				GCC_C_LANGUAGE_STANDARD = gnu11;
				GCC_DYNAMIC_NO_PIC = NO;
				GCC_NO_COMMON_BLOCKS = YES;
				GCC_OPTIMIZATION_LEVEL = 0;
				GCC_PREPROCESSOR_DEFINITIONS = (
					"DEBUG=1",
					"$(inherited)",
				);
				GCC_WARN_64_TO_32_BIT_CONVERSION = YES;
				GCC_WARN_ABOUT_RETURN_TYPE = YES_ERROR;
				GCC_WARN_UNDECLARED_SELECTOR = YES;
				GCC_WARN_UNINITIALIZED_AUTOS = YES_AGGRESSIVE;
				GCC_WARN_UNUSED_FUNCTION = YES;
				GCC_WARN_UNUSED_VARIABLE = YES;
				MTL_ENABLE_DEBUG_INFO = INCLUDE_SOURCE;
				MTL_FAST_MATH = YES;
				ONLY_ACTIVE_ARCH = YES;
				SWIFT_ACTIVE_COMPILATION_CONDITIONS = DEBUG;
				SWIFT_OPTIMIZATION_LEVEL = "-Onone";
			};
			name = Debug;
		};
		0AFC6D7E29C4A2090044B4B0 /* Release */ = {
			isa = XCBuildConfiguration;
			buildSettings = {
				ALWAYS_SEARCH_USER_PATHS = NO;
				CLANG_ANALYZER_NONNULL = YES;
				CLANG_ANALYZER_NUMBER_OBJECT_CONVERSION = YES_AGGRESSIVE;
				CLANG_CXX_LANGUAGE_STANDARD = "gnu++20";
				CLANG_ENABLE_MODULES = YES;
				CLANG_ENABLE_OBJC_ARC = YES;
				CLANG_ENABLE_OBJC_WEAK = YES;
				CLANG_WARN_BLOCK_CAPTURE_AUTORELEASING = YES;
				CLANG_WARN_BOOL_CONVERSION = YES;
				CLANG_WARN_COMMA = YES;
				CLANG_WARN_CONSTANT_CONVERSION = YES;
				CLANG_WARN_DEPRECATED_OBJC_IMPLEMENTATIONS = YES;
				CLANG_WARN_DIRECT_OBJC_ISA_USAGE = YES_ERROR;
				CLANG_WARN_DOCUMENTATION_COMMENTS = YES;
				CLANG_WARN_EMPTY_BODY = YES;
				CLANG_WARN_ENUM_CONVERSION = YES;
				CLANG_WARN_INFINITE_RECURSION = YES;
				CLANG_WARN_INT_CONVERSION = YES;
				CLANG_WARN_NON_LITERAL_NULL_CONVERSION = YES;
				CLANG_WARN_OBJC_IMPLICIT_RETAIN_SELF = YES;
				CLANG_WARN_OBJC_LITERAL_CONVERSION = YES;
				CLANG_WARN_OBJC_ROOT_CLASS = YES_ERROR;
				CLANG_WARN_QUOTED_INCLUDE_IN_FRAMEWORK_HEADER = YES;
				CLANG_WARN_RANGE_LOOP_ANALYSIS = YES;
				CLANG_WARN_STRICT_PROTOTYPES = YES;
				CLANG_WARN_SUSPICIOUS_MOVE = YES;
				CLANG_WARN_UNGUARDED_AVAILABILITY = YES_AGGRESSIVE;
				CLANG_WARN_UNREACHABLE_CODE = YES;
				CLANG_WARN__DUPLICATE_METHOD_MATCH = YES;
				COPY_PHASE_STRIP = NO;
				DEBUG_INFORMATION_FORMAT = "dwarf-with-dsym";
				ENABLE_NS_ASSERTIONS = NO;
				ENABLE_STRICT_OBJC_MSGSEND = YES;
				GCC_C_LANGUAGE_STANDARD = gnu11;
				GCC_NO_COMMON_BLOCKS = YES;
				GCC_WARN_64_TO_32_BIT_CONVERSION = YES;
				GCC_WARN_ABOUT_RETURN_TYPE = YES_ERROR;
				GCC_WARN_UNDECLARED_SELECTOR = YES;
				GCC_WARN_UNINITIALIZED_AUTOS = YES_AGGRESSIVE;
				GCC_WARN_UNUSED_FUNCTION = YES;
				GCC_WARN_UNUSED_VARIABLE = YES;
				MTL_ENABLE_DEBUG_INFO = NO;
				MTL_FAST_MATH = YES;
				SWIFT_COMPILATION_MODE = wholemodule;
				SWIFT_OPTIMIZATION_LEVEL = "-O";
			};
			name = Release;
		};
		0AFC6D8029C4A2090044B4B0 /* Debug */ = {
			isa = XCBuildConfiguration;
			buildSettings = {
				ASSETCATALOG_COMPILER_APPICON_NAME = AppIcon;
				ASSETCATALOG_COMPILER_GLOBAL_ACCENT_COLOR_NAME = AccentColor;
				CODE_SIGN_ENTITLEMENTS = "slots challenge/slots_challenge.entitlements";
				CODE_SIGN_STYLE = Automatic;
				CURRENT_PROJECT_VERSION = 1;
				DEVELOPMENT_ASSET_PATHS = "\"slots challenge/Preview Content\"";
				ENABLE_PREVIEWS = YES;
				GENERATE_INFOPLIST_FILE = YES;
				"INFOPLIST_KEY_UIApplicationSceneManifest_Generation[sdk=iphoneos*]" = YES;
				"INFOPLIST_KEY_UIApplicationSceneManifest_Generation[sdk=iphonesimulator*]" = YES;
				"INFOPLIST_KEY_UIApplicationSupportsIndirectInputEvents[sdk=iphoneos*]" = YES;
				"INFOPLIST_KEY_UIApplicationSupportsIndirectInputEvents[sdk=iphonesimulator*]" = YES;
				"INFOPLIST_KEY_UILaunchScreen_Generation[sdk=iphoneos*]" = YES;
				"INFOPLIST_KEY_UILaunchScreen_Generation[sdk=iphonesimulator*]" = YES;
				"INFOPLIST_KEY_UIStatusBarStyle[sdk=iphoneos*]" = UIStatusBarStyleDefault;
				"INFOPLIST_KEY_UIStatusBarStyle[sdk=iphonesimulator*]" = UIStatusBarStyleDefault;
				INFOPLIST_KEY_UISupportedInterfaceOrientations_iPad = "UIInterfaceOrientationPortrait UIInterfaceOrientationPortraitUpsideDown UIInterfaceOrientationLandscapeLeft UIInterfaceOrientationLandscapeRight";
				INFOPLIST_KEY_UISupportedInterfaceOrientations_iPhone = "UIInterfaceOrientationPortrait UIInterfaceOrientationLandscapeLeft UIInterfaceOrientationLandscapeRight";
				IPHONEOS_DEPLOYMENT_TARGET = 16.2;
				LD_RUNPATH_SEARCH_PATHS = "@executable_path/Frameworks";
				"LD_RUNPATH_SEARCH_PATHS[sdk=macosx*]" = "@executable_path/../Frameworks";
				MACOSX_DEPLOYMENT_TARGET = 12.5;
				MARKETING_VERSION = 1.0;
				PRODUCT_BUNDLE_IDENTIFIER = "--.slots-challenge";
				PRODUCT_NAME = "$(TARGET_NAME)";
				SDKROOT = auto;
				SUPPORTED_PLATFORMS = "iphoneos iphonesimulator macosx";
				SWIFT_EMIT_LOC_STRINGS = YES;
				SWIFT_VERSION = 5.0;
				TARGETED_DEVICE_FAMILY = "1,2";
			};
			name = Debug;
		};
		0AFC6D8129C4A2090044B4B0 /* Release */ = {
			isa = XCBuildConfiguration;
			buildSettings = {
				ASSETCATALOG_COMPILER_APPICON_NAME = AppIcon;
				ASSETCATALOG_COMPILER_GLOBAL_ACCENT_COLOR_NAME = AccentColor;
				CODE_SIGN_ENTITLEMENTS = "slots challenge/slots_challenge.entitlements";
				CODE_SIGN_STYLE = Automatic;
				CURRENT_PROJECT_VERSION = 1;
				DEVELOPMENT_ASSET_PATHS = "\"slots challenge/Preview Content\"";
				ENABLE_PREVIEWS = YES;
				GENERATE_INFOPLIST_FILE = YES;
				"INFOPLIST_KEY_UIApplicationSceneManifest_Generation[sdk=iphoneos*]" = YES;
				"INFOPLIST_KEY_UIApplicationSceneManifest_Generation[sdk=iphonesimulator*]" = YES;
				"INFOPLIST_KEY_UIApplicationSupportsIndirectInputEvents[sdk=iphoneos*]" = YES;
				"INFOPLIST_KEY_UIApplicationSupportsIndirectInputEvents[sdk=iphonesimulator*]" = YES;
				"INFOPLIST_KEY_UILaunchScreen_Generation[sdk=iphoneos*]" = YES;
				"INFOPLIST_KEY_UILaunchScreen_Generation[sdk=iphonesimulator*]" = YES;
				"INFOPLIST_KEY_UIStatusBarStyle[sdk=iphoneos*]" = UIStatusBarStyleDefault;
				"INFOPLIST_KEY_UIStatusBarStyle[sdk=iphonesimulator*]" = UIStatusBarStyleDefault;
				INFOPLIST_KEY_UISupportedInterfaceOrientations_iPad = "UIInterfaceOrientationPortrait UIInterfaceOrientationPortraitUpsideDown UIInterfaceOrientationLandscapeLeft UIInterfaceOrientationLandscapeRight";
				INFOPLIST_KEY_UISupportedInterfaceOrientations_iPhone = "UIInterfaceOrientationPortrait UIInterfaceOrientationLandscapeLeft UIInterfaceOrientationLandscapeRight";
				IPHONEOS_DEPLOYMENT_TARGET = 16.2;
				LD_RUNPATH_SEARCH_PATHS = "@executable_path/Frameworks";
				"LD_RUNPATH_SEARCH_PATHS[sdk=macosx*]" = "@executable_path/../Frameworks";
				MACOSX_DEPLOYMENT_TARGET = 12.5;
				MARKETING_VERSION = 1.0;
				PRODUCT_BUNDLE_IDENTIFIER = "--.slots-challenge";
				PRODUCT_NAME = "$(TARGET_NAME)";
				SDKROOT = auto;
				SUPPORTED_PLATFORMS = "iphoneos iphonesimulator macosx";
				SWIFT_EMIT_LOC_STRINGS = YES;
				SWIFT_VERSION = 5.0;
				TARGETED_DEVICE_FAMILY = "1,2";
			};
			name = Release;
		};
		0AFC6D8329C4A2090044B4B0 /* Debug */ = {
			isa = XCBuildConfiguration;
			buildSettings = {
				ALWAYS_EMBED_SWIFT_STANDARD_LIBRARIES = YES;
				BUNDLE_LOADER = "$(TEST_HOST)";
				CODE_SIGN_STYLE = Automatic;
				CURRENT_PROJECT_VERSION = 1;
				GENERATE_INFOPLIST_FILE = YES;
				IPHONEOS_DEPLOYMENT_TARGET = 16.2;
				MACOSX_DEPLOYMENT_TARGET = 12.5;
				MARKETING_VERSION = 1.0;
				PRODUCT_BUNDLE_IDENTIFIER = "--.slots-challengeTests";
				PRODUCT_NAME = "$(TARGET_NAME)";
				SDKROOT = auto;
				SUPPORTED_PLATFORMS = "iphoneos iphonesimulator macosx";
				SWIFT_EMIT_LOC_STRINGS = NO;
				SWIFT_VERSION = 5.0;
				TARGETED_DEVICE_FAMILY = "1,2";
				TEST_HOST = "$(BUILT_PRODUCTS_DIR)/slots challenge.app/$(BUNDLE_EXECUTABLE_FOLDER_PATH)/slots challenge";
			};
			name = Debug;
		};
		0AFC6D8429C4A2090044B4B0 /* Release */ = {
			isa = XCBuildConfiguration;
			buildSettings = {
				ALWAYS_EMBED_SWIFT_STANDARD_LIBRARIES = YES;
				BUNDLE_LOADER = "$(TEST_HOST)";
				CODE_SIGN_STYLE = Automatic;
				CURRENT_PROJECT_VERSION = 1;
				GENERATE_INFOPLIST_FILE = YES;
				IPHONEOS_DEPLOYMENT_TARGET = 16.2;
				MACOSX_DEPLOYMENT_TARGET = 12.5;
				MARKETING_VERSION = 1.0;
				PRODUCT_BUNDLE_IDENTIFIER = "--.slots-challengeTests";
				PRODUCT_NAME = "$(TARGET_NAME)";
				SDKROOT = auto;
				SUPPORTED_PLATFORMS = "iphoneos iphonesimulator macosx";
				SWIFT_EMIT_LOC_STRINGS = NO;
				SWIFT_VERSION = 5.0;
				TARGETED_DEVICE_FAMILY = "1,2";
				TEST_HOST = "$(BUILT_PRODUCTS_DIR)/slots challenge.app/$(BUNDLE_EXECUTABLE_FOLDER_PATH)/slots challenge";
			};
			name = Release;
		};
		0AFC6D8629C4A2090044B4B0 /* Debug */ = {
			isa = XCBuildConfiguration;
			buildSettings = {
				ALWAYS_EMBED_SWIFT_STANDARD_LIBRARIES = YES;
				CODE_SIGN_STYLE = Automatic;
				CURRENT_PROJECT_VERSION = 1;
				GENERATE_INFOPLIST_FILE = YES;
				IPHONEOS_DEPLOYMENT_TARGET = 16.2;
				MACOSX_DEPLOYMENT_TARGET = 12.5;
				MARKETING_VERSION = 1.0;
				PRODUCT_BUNDLE_IDENTIFIER = "--.slots-challengeUITests";
				PRODUCT_NAME = "$(TARGET_NAME)";
				SDKROOT = auto;
				SUPPORTED_PLATFORMS = "iphoneos iphonesimulator macosx";
				SWIFT_EMIT_LOC_STRINGS = NO;
				SWIFT_VERSION = 5.0;
				TARGETED_DEVICE_FAMILY = "1,2";
				TEST_TARGET_NAME = "slots challenge";
			};
			name = Debug;
		};
		0AFC6D8729C4A2090044B4B0 /* Release */ = {
			isa = XCBuildConfiguration;
			buildSettings = {
				ALWAYS_EMBED_SWIFT_STANDARD_LIBRARIES = YES;
				CODE_SIGN_STYLE = Automatic;
				CURRENT_PROJECT_VERSION = 1;
				GENERATE_INFOPLIST_FILE = YES;
				IPHONEOS_DEPLOYMENT_TARGET = 16.2;
				MACOSX_DEPLOYMENT_TARGET = 12.5;
				MARKETING_VERSION = 1.0;
				PRODUCT_BUNDLE_IDENTIFIER = "--.slots-challengeUITests";
				PRODUCT_NAME = "$(TARGET_NAME)";
				SDKROOT = auto;
				SUPPORTED_PLATFORMS = "iphoneos iphonesimulator macosx";
				SWIFT_EMIT_LOC_STRINGS = NO;
				SWIFT_VERSION = 5.0;
				TARGETED_DEVICE_FAMILY = "1,2";
				TEST_TARGET_NAME = "slots challenge";
			};
			name = Release;
		};
/* End XCBuildConfiguration section */

/* Begin XCConfigurationList section */
		0AFC6D5529C4A2070044B4B0 /* Build configuration list for PBXProject "slots challenge" */ = {
			isa = XCConfigurationList;
			buildConfigurations = (
				0AFC6D7D29C4A2090044B4B0 /* Debug */,
				0AFC6D7E29C4A2090044B4B0 /* Release */,
			);
			defaultConfigurationIsVisible = 0;
			defaultConfigurationName = Release;
		};
		0AFC6D7F29C4A2090044B4B0 /* Build configuration list for PBXNativeTarget "slots challenge" */ = {
			isa = XCConfigurationList;
			buildConfigurations = (
				0AFC6D8029C4A2090044B4B0 /* Debug */,
				0AFC6D8129C4A2090044B4B0 /* Release */,
			);
			defaultConfigurationIsVisible = 0;
			defaultConfigurationName = Release;
		};
		0AFC6D8229C4A2090044B4B0 /* Build configuration list for PBXNativeTarget "slots challengeTests" */ = {
			isa = XCConfigurationList;
			buildConfigurations = (
				0AFC6D8329C4A2090044B4B0 /* Debug */,
				0AFC6D8429C4A2090044B4B0 /* Release */,
			);
			defaultConfigurationIsVisible = 0;
			defaultConfigurationName = Release;
		};
		0AFC6D8529C4A2090044B4B0 /* Build configuration list for PBXNativeTarget "slots challengeUITests" */ = {
			isa = XCConfigurationList;
			buildConfigurations = (
				0AFC6D8629C4A2090044B4B0 /* Debug */,
				0AFC6D8729C4A2090044B4B0 /* Release */,
			);
			defaultConfigurationIsVisible = 0;
			defaultConfigurationName = Release;
		};
/* End XCConfigurationList section */
	};
	rootObject = 0AFC6D5229C4A2070044B4B0 /* Project object */;
}
